
Microsoft Visual Studio Solution File, Format Version 12.00
# Visual Studio Version 17
VisualStudioVersion = 17.14.37012.4 d17.14
MinimumVisualStudioVersion = 10.0.40219.1
Project("{FAE04EC0-301F-11D3-BF4B-00C04F79EFBC}") = "DailyRoutine", "DailyRoutine\DailyRoutine.csproj", "{D011BEDE-5632-45CF-B0A5-0AFF5C74074E}"
EndProject
Global
	GlobalSection(SolutionConfigurationPlatforms) = preSolution
		Debug|Any CPU = Debug|Any CPU
		Release|Any CPU = Release|Any CPU
	EndGlobalSection
	GlobalSection(ProjectConfigurationPlatforms) = postSolution
		{D011BEDE-5632-45CF-B0A5-0AFF5C74074E}.Debug|Any CPU.ActiveCfg = Debug|Any CPU
		{D011BEDE-5632-45CF-B0A5-0AFF5C74074E}.Debug|Any CPU.Build.0 = Debug|Any CPU
		{D011BEDE-5632-45CF-B0A5-0AFF5C74074E}.Release|Any CPU.ActiveCfg = Release|Any CPU
		{D011BEDE-5632-45CF-B0A5-0AFF5C74074E}.Release|Any CPU.Build.0 = Release|Any CPU
	EndGlobalSection
	GlobalSection(SolutionProperties) = preSolution
		HideSolutionNode = FALSE
	EndGlobalSection
	GlobalSection(ExtensibilityGlobals) = postSolution
		SolutionGuid = {E3A59FF2-C9C3-4D4A-AF15-0D3820B2C693}
	EndGlobalSection
EndGlobal
